
Microsoft Visual Studio Solution File, Format Version 12.00
# Visual Studio Version 16
VisualStudioVersion = 16.0.31624.102
MinimumVisualStudioVersion = 10.0.40219.1
Project("{9A19103F-16F7-4668-BE54-9A1E7A4F7556}") = "EmployeeTracking.Common", "EmployeeTracking.Common\EmployeeTracking.Common.csproj", "{7465A6DC-4C9E-4BAA-872B-22817E63ED64}"
EndProject
Project("{9A19103F-16F7-4668-BE54-9A1E7A4F7556}") = "EmployeeTracking.Functions", "EmployeeTracking.Functions\EmployeeTracking.Functions.csproj", "{08E8FCE2-9AB0-4328-BBA2-182A5EB235E3}"
EndProject
Project("{9A19103F-16F7-4668-BE54-9A1E7A4F7556}") = "EmployeeTracking.Tests", "EmployeeTracking.Tests\EmployeeTracking.Tests.csproj", "{B2287B97-448D-4B7D-9544-9D2496CF83E8}"
EndProject
Global
	GlobalSection(SolutionConfigurationPlatforms) = preSolution
		Debug|Any CPU = Debug|Any CPU
		Release|Any CPU = Release|Any CPU
	EndGlobalSection
	GlobalSection(ProjectConfigurationPlatforms) = postSolution
		{7465A6DC-4C9E-4BAA-872B-22817E63ED64}.Debug|Any CPU.ActiveCfg = Debug|Any CPU
		{7465A6DC-4C9E-4BAA-872B-22817E63ED64}.Debug|Any CPU.Build.0 = Debug|Any CPU
		{7465A6DC-4C9E-4BAA-872B-22817E63ED64}.Release|Any CPU.ActiveCfg = Release|Any CPU
		{7465A6DC-4C9E-4BAA-872B-22817E63ED64}.Release|Any CPU.Build.0 = Release|Any CPU
		{08E8FCE2-9AB0-4328-BBA2-182A5EB235E3}.Debug|Any CPU.ActiveCfg = Debug|Any CPU
		{08E8FCE2-9AB0-4328-BBA2-182A5EB235E3}.Debug|Any CPU.Build.0 = Debug|Any CPU
		{08E8FCE2-9AB0-4328-BBA2-182A5EB235E3}.Release|Any CPU.ActiveCfg = Release|Any CPU
		{08E8FCE2-9AB0-4328-BBA2-182A5EB235E3}.Release|Any CPU.Build.0 = Release|Any CPU
		{B2287B97-448D-4B7D-9544-9D2496CF83E8}.Debug|Any CPU.ActiveCfg = Debug|Any CPU
		{B2287B97-448D-4B7D-9544-9D2496CF83E8}.Debug|Any CPU.Build.0 = Debug|Any CPU
		{B2287B97-448D-4B7D-9544-9D2496CF83E8}.Release|Any CPU.ActiveCfg = Release|Any CPU
		{B2287B97-448D-4B7D-9544-9D2496CF83E8}.Release|Any CPU.Build.0 = Release|Any CPU
	EndGlobalSection
	GlobalSection(SolutionProperties) = preSolution
		HideSolutionNode = FALSE
	EndGlobalSection
	GlobalSection(ExtensibilityGlobals) = postSolution
		SolutionGuid = {84323104-3C76-4415-840F-D1C09ACBC018}
	EndGlobalSection
EndGlobal
